
Microsoft Visual Studio Solution File, Format Version 12.00
# Visual Studio Version 17
VisualStudioVersion = 17.13.35828.75
MinimumVisualStudioVersion = 10.0.40219.1
Project("{FAE04EC0-301F-11D3-BF4B-00C04F79EFBC}") = "Importer.Service", "Importer.Service\Importer.Service.csproj", "{0EE0DDBE-F767-4ADE-8429-5588C048F330}"
	ProjectSection(ProjectDependencies) = postProject
		{582B9EA5-9A96-489E-9329-D41846A3F584} = {582B9EA5-9A96-489E-9329-D41846A3F584}
		{AE6C12E6-6CE1-4A98-AFF2-E1FDFDF2A936} = {AE6C12E6-6CE1-4A98-AFF2-E1FDFDF2A936}
	EndProjectSection
EndProject
Project("{FAE04EC0-301F-11D3-BF4B-00C04F79EFBC}") = "Importer.Common", "Importer.Common\Importer.Common.csproj", "{61D8720A-C6AC-46AB-9366-92AFE3E2880E}"
EndProject
Project("{2150E333-8FDC-42A3-9474-1A3956D46DE8}") = "Customer.Processes", "Customer.Processes", "{02EA681E-C7D8-13C7-8484-4AC65E1B71E8}"
EndProject
Project("{2150E333-8FDC-42A3-9474-1A3956D46DE8}") = "Importer.Modules", "Importer.Modules", "{DC921E85-F1C3-4C7F-A900-D8B574E57F77}"
EndProject
Project("{FAE04EC0-301F-11D3-BF4B-00C04F79EFBC}") = "Importer.Module.Invafresh", "Importer.Modules\Importer.Module.Invafresh\Importer.Module.Invafresh.csproj", "{7A200A3D-9CC6-45F7-A9E3-055EE223DA82}"
EndProject
Project("{FAE04EC0-301F-11D3-BF4B-00C04F79EFBC}") = "Importer.Module.Upshop", "Importer.Modules\Importer.Module.Upshop\Importer.Module.Upshop.csproj", "{CE71DDF7-DA62-4608-98FE-F194C4E2410E}"
EndProject
Project("{FAE04EC0-301F-11D3-BF4B-00C04F79EFBC}") = "Importer.Module.Generic", "Importer.Modules\Importer.Module.Generic\Importer.Module.Generic.csproj", "{18AADD4A-0449-4ECA-BAA7-E4B8C5AD0A80}"
EndProject
Project("{FAE04EC0-301F-11D3-BF4B-00C04F79EFBC}") = "Importer.UI", "Importer.UI\Importer.UI.csproj", "{F124D47B-5BB9-473C-98AE-F3394E0B8561}"
	ProjectSection(ProjectDependencies) = postProject
		{18AADD4A-0449-4ECA-BAA7-E4B8C5AD0A80} = {18AADD4A-0449-4ECA-BAA7-E4B8C5AD0A80}
		{582B9EA5-9A96-489E-9329-D41846A3F584} = {582B9EA5-9A96-489E-9329-D41846A3F584}
		{7A200A3D-9CC6-45F7-A9E3-055EE223DA82} = {7A200A3D-9CC6-45F7-A9E3-055EE223DA82}
		{9920B72D-3C61-41B9-A386-01F9B250BAF4} = {9920B72D-3C61-41B9-A386-01F9B250BAF4}
		{9F149866-AEB9-4973-B51A-280ED715F671} = {9F149866-AEB9-4973-B51A-280ED715F671}
		{AE6C12E6-6CE1-4A98-AFF2-E1FDFDF2A936} = {AE6C12E6-6CE1-4A98-AFF2-E1FDFDF2A936}
		{CD8391E8-1D38-4D54-9A85-BE531CE17304} = {CD8391E8-1D38-4D54-9A85-BE531CE17304}
		{CE71DDF7-DA62-4608-98FE-F194C4E2410E} = {CE71DDF7-DA62-4608-98FE-F194C4E2410E}
		{E908B943-0FA4-4FCA-B72E-C0746AA66B62} = {E908B943-0FA4-4FCA-B72E-C0746AA66B62}
		{F1F3488F-691C-4DE5-8B44-C254A7D059D7} = {F1F3488F-691C-4DE5-8B44-C254A7D059D7}
	EndProjectSection
EndProject
Project("{FAE04EC0-301F-11D3-BF4B-00C04F79EFBC}") = "Wakefern.CustomerProcess", "Importer.CustomerProcesses\Wakefern.CustomerProcess\Wakefern.CustomerProcess.csproj", "{CD8391E8-1D38-4D54-9A85-BE531CE17304}"
EndProject
Project("{FAE04EC0-301F-11D3-BF4B-00C04F79EFBC}") = "Importer.Modules.GrocerySignage", "Importer.Modules\Importer.Modules.GrocerySignage\Importer.Modules.GrocerySignage.csproj", "{582B9EA5-9A96-489E-9329-D41846A3F584}"
EndProject
Project("{FAE04EC0-301F-11D3-BF4B-00C04F79EFBC}") = "Importer.Module.Parsley", "Importer.Module.Parsley\Importer.Module.Parsley.csproj", "{9F149866-AEB9-4973-B51A-280ED715F671}"
EndProject
Project("{FAE04EC0-301F-11D3-BF4B-00C04F79EFBC}") = "Importer.Module.Admin", "Importer.Module.Admin\Importer.Module.Admin.csproj", "{AE6C12E6-6CE1-4A98-AFF2-E1FDFDF2A936}"
EndProject
Project("{2150E333-8FDC-42A3-9474-1A3956D46DE8}") = "Deployment", "Deployment", "{86D3060C-1E65-4BAB-AE61-A28CB996D73A}"
EndProject
Project("{840C416C-B8F3-42BC-B0DD-F6BB14C9F8CB}") = "Importer.Installer", "Importer.Installer\Importer.Installer.aiproj", "{36EE06BA-BA26-48FB-87E4-FF1BD83955F4}"
	ProjectSection(ProjectDependencies) = postProject
		{F124D47B-5BB9-473C-98AE-F3394E0B8561} = {F124D47B-5BB9-473C-98AE-F3394E0B8561}
	EndProjectSection
EndProject
Project("{FAE04EC0-301F-11D3-BF4B-00C04F79EFBC}") = "ExecuteProcessDatabase", "ExecuteProcessDatabase\ExecuteProcessDatabase.csproj", "{E908B943-0FA4-4FCA-B72E-C0746AA66B62}"
EndProject
Project("{FAE04EC0-301F-11D3-BF4B-00C04F79EFBC}") = "Vallarta.CustomerProcess", "Importer.CustomerProcesses\Vallarta.CustomerProcess\Vallarta.CustomerProcess.csproj", "{F1F3488F-691C-4DE5-8B44-C254A7D059D7}"
EndProject
Project("{FAE04EC0-301F-11D3-BF4B-00C04F79EFBC}") = "Bagliani.CustomerProcess", "Importer.CustomerProcesses\Bagliani.CustomerProcess\Bagliani.CustomerProcess.csproj", "{9920B72D-3C61-41B9-A386-01F9B250BAF4}"
EndProject
Project("{FAE04EC0-301F-11D3-BF4B-00C04F79EFBC}") = "Importer.Module.ECRS", "Importer.Modules\Importer.Module.ECRS\Importer.Module.ECRS.csproj", "{264E02B3-AD85-475C-A78B-131C13CD047F}"
EndProject
Global
	GlobalSection(SolutionConfigurationPlatforms) = preSolution
		Debug|Any CPU = Debug|Any CPU
		DefaultBuild|Any CPU = DefaultBuild|Any CPU
		Release|Any CPU = Release|Any CPU
	EndGlobalSection
	GlobalSection(ProjectConfigurationPlatforms) = postSolution
		{0EE0DDBE-F767-4ADE-8429-5588C048F330}.Debug|Any CPU.ActiveCfg = Debug|Any CPU
		{0EE0DDBE-F767-4ADE-8429-5588C048F330}.Debug|Any CPU.Build.0 = Debug|Any CPU
		{0EE0DDBE-F767-4ADE-8429-5588C048F330}.DefaultBuild|Any CPU.ActiveCfg = Release|Any CPU
		{0EE0DDBE-F767-4ADE-8429-5588C048F330}.DefaultBuild|Any CPU.Build.0 = Release|Any CPU
		{0EE0DDBE-F767-4ADE-8429-5588C048F330}.Release|Any CPU.ActiveCfg = Release|Any CPU
		{0EE0DDBE-F767-4ADE-8429-5588C048F330}.Release|Any CPU.Build.0 = Release|Any CPU
		{61D8720A-C6AC-46AB-9366-92AFE3E2880E}.Debug|Any CPU.ActiveCfg = Debug|Any CPU
		{61D8720A-C6AC-46AB-9366-92AFE3E2880E}.Debug|Any CPU.Build.0 = Debug|Any CPU
		{61D8720A-C6AC-46AB-9366-92AFE3E2880E}.DefaultBuild|Any CPU.ActiveCfg = Release|Any CPU
		{61D8720A-C6AC-46AB-9366-92AFE3E2880E}.DefaultBuild|Any CPU.Build.0 = Release|Any CPU
		{61D8720A-C6AC-46AB-9366-92AFE3E2880E}.Release|Any CPU.ActiveCfg = Release|Any CPU
		{61D8720A-C6AC-46AB-9366-92AFE3E2880E}.Release|Any CPU.Build.0 = Release|Any CPU
		{7A200A3D-9CC6-45F7-A9E3-055EE223DA82}.Debug|Any CPU.ActiveCfg = Debug|Any CPU
		{7A200A3D-9CC6-45F7-A9E3-055EE223DA82}.Debug|Any CPU.Build.0 = Debug|Any CPU
		{7A200A3D-9CC6-45F7-A9E3-055EE223DA82}.DefaultBuild|Any CPU.ActiveCfg = Release|Any CPU
		{7A200A3D-9CC6-45F7-A9E3-055EE223DA82}.DefaultBuild|Any CPU.Build.0 = Release|Any CPU
		{7A200A3D-9CC6-45F7-A9E3-055EE223DA82}.Release|Any CPU.ActiveCfg = Release|Any CPU
		{7A200A3D-9CC6-45F7-A9E3-055EE223DA82}.Release|Any CPU.Build.0 = Release|Any CPU
		{CE71DDF7-DA62-4608-98FE-F194C4E2410E}.Debug|Any CPU.ActiveCfg = Debug|Any CPU
		{CE71DDF7-DA62-4608-98FE-F194C4E2410E}.Debug|Any CPU.Build.0 = Debug|Any CPU
		{CE71DDF7-DA62-4608-98FE-F194C4E2410E}.DefaultBuild|Any CPU.ActiveCfg = Release|Any CPU
		{CE71DDF7-DA62-4608-98FE-F194C4E2410E}.DefaultBuild|Any CPU.Build.0 = Release|Any CPU
		{CE71DDF7-DA62-4608-98FE-F194C4E2410E}.Release|Any CPU.ActiveCfg = Release|Any CPU
		{CE71DDF7-DA62-4608-98FE-F194C4E2410E}.Release|Any CPU.Build.0 = Release|Any CPU
		{18AADD4A-0449-4ECA-BAA7-E4B8C5AD0A80}.Debug|Any CPU.ActiveCfg = Debug|Any CPU
		{18AADD4A-0449-4ECA-BAA7-E4B8C5AD0A80}.Debug|Any CPU.Build.0 = Debug|Any CPU
		{18AADD4A-0449-4ECA-BAA7-E4B8C5AD0A80}.DefaultBuild|Any CPU.ActiveCfg = Release|Any CPU
		{18AADD4A-0449-4ECA-BAA7-E4B8C5AD0A80}.DefaultBuild|Any CPU.Build.0 = Release|Any CPU
		{18AADD4A-0449-4ECA-BAA7-E4B8C5AD0A80}.Release|Any CPU.ActiveCfg = Release|Any CPU
		{18AADD4A-0449-4ECA-BAA7-E4B8C5AD0A80}.Release|Any CPU.Build.0 = Release|Any CPU
		{F124D47B-5BB9-473C-98AE-F3394E0B8561}.Debug|Any CPU.ActiveCfg = Debug|Any CPU
		{F124D47B-5BB9-473C-98AE-F3394E0B8561}.Debug|Any CPU.Build.0 = Debug|Any CPU
		{F124D47B-5BB9-473C-98AE-F3394E0B8561}.DefaultBuild|Any CPU.ActiveCfg = Release|Any CPU
		{F124D47B-5BB9-473C-98AE-F3394E0B8561}.DefaultBuild|Any CPU.Build.0 = Release|Any CPU
		{F124D47B-5BB9-473C-98AE-F3394E0B8561}.Release|Any CPU.ActiveCfg = Release|Any CPU
		{F124D47B-5BB9-473C-98AE-F3394E0B8561}.Release|Any CPU.Build.0 = Release|Any CPU
		{CD8391E8-1D38-4D54-9A85-BE531CE17304}.Debug|Any CPU.ActiveCfg = Debug|Any CPU
		{CD8391E8-1D38-4D54-9A85-BE531CE17304}.Debug|Any CPU.Build.0 = Debug|Any CPU
		{CD8391E8-1D38-4D54-9A85-BE531CE17304}.DefaultBuild|Any CPU.ActiveCfg = Release|Any CPU
		{CD8391E8-1D38-4D54-9A85-BE531CE17304}.DefaultBuild|Any CPU.Build.0 = Release|Any CPU
		{CD8391E8-1D38-4D54-9A85-BE531CE17304}.Release|Any CPU.ActiveCfg = Release|Any CPU
		{CD8391E8-1D38-4D54-9A85-BE531CE17304}.Release|Any CPU.Build.0 = Release|Any CPU
		{582B9EA5-9A96-489E-9329-D41846A3F584}.Debug|Any CPU.ActiveCfg = Debug|Any CPU
		{582B9EA5-9A96-489E-9329-D41846A3F584}.Debug|Any CPU.Build.0 = Debug|Any CPU
		{582B9EA5-9A96-489E-9329-D41846A3F584}.DefaultBuild|Any CPU.ActiveCfg = Release|Any CPU
		{582B9EA5-9A96-489E-9329-D41846A3F584}.DefaultBuild|Any CPU.Build.0 = Release|Any CPU
		{582B9EA5-9A96-489E-9329-D41846A3F584}.Release|Any CPU.ActiveCfg = Release|Any CPU
		{582B9EA5-9A96-489E-9329-D41846A3F584}.Release|Any CPU.Build.0 = Release|Any CPU
		{9F149866-AEB9-4973-B51A-280ED715F671}.Debug|Any CPU.ActiveCfg = Debug|Any CPU
		{9F149866-AEB9-4973-B51A-280ED715F671}.Debug|Any CPU.Build.0 = Debug|Any CPU
		{9F149866-AEB9-4973-B51A-280ED715F671}.DefaultBuild|Any CPU.ActiveCfg = Release|Any CPU
		{9F149866-AEB9-4973-B51A-280ED715F671}.DefaultBuild|Any CPU.Build.0 = Release|Any CPU
		{9F149866-AEB9-4973-B51A-280ED715F671}.Release|Any CPU.ActiveCfg = Release|Any CPU
		{9F149866-AEB9-4973-B51A-280ED715F671}.Release|Any CPU.Build.0 = Release|Any CPU
		{AE6C12E6-6CE1-4A98-AFF2-E1FDFDF2A936}.Debug|Any CPU.ActiveCfg = Debug|Any CPU
		{AE6C12E6-6CE1-4A98-AFF2-E1FDFDF2A936}.Debug|Any CPU.Build.0 = Debug|Any CPU
		{AE6C12E6-6CE1-4A98-AFF2-E1FDFDF2A936}.DefaultBuild|Any CPU.ActiveCfg = Release|Any CPU
		{AE6C12E6-6CE1-4A98-AFF2-E1FDFDF2A936}.DefaultBuild|Any CPU.Build.0 = Release|Any CPU
		{AE6C12E6-6CE1-4A98-AFF2-E1FDFDF2A936}.Release|Any CPU.ActiveCfg = Release|Any CPU
		{AE6C12E6-6CE1-4A98-AFF2-E1FDFDF2A936}.Release|Any CPU.Build.0 = Release|Any CPU
		{36EE06BA-BA26-48FB-87E4-FF1BD83955F4}.Debug|Any CPU.ActiveCfg = DefaultBuild
		{36EE06BA-BA26-48FB-87E4-FF1BD83955F4}.Debug|Any CPU.Build.0 = DefaultBuild
		{36EE06BA-BA26-48FB-87E4-FF1BD83955F4}.DefaultBuild|Any CPU.ActiveCfg = DefaultBuild
		{36EE06BA-BA26-48FB-87E4-FF1BD83955F4}.DefaultBuild|Any CPU.Build.0 = DefaultBuild
		{36EE06BA-BA26-48FB-87E4-FF1BD83955F4}.Release|Any CPU.ActiveCfg = DefaultBuild
		{36EE06BA-BA26-48FB-87E4-FF1BD83955F4}.Release|Any CPU.Build.0 = DefaultBuild
		{E908B943-0FA4-4FCA-B72E-C0746AA66B62}.Debug|Any CPU.ActiveCfg = Debug|Any CPU
		{E908B943-0FA4-4FCA-B72E-C0746AA66B62}.Debug|Any CPU.Build.0 = Debug|Any CPU
		{E908B943-0FA4-4FCA-B72E-C0746AA66B62}.DefaultBuild|Any CPU.ActiveCfg = Release|Any CPU
		{E908B943-0FA4-4FCA-B72E-C0746AA66B62}.DefaultBuild|Any CPU.Build.0 = Release|Any CPU
		{E908B943-0FA4-4FCA-B72E-C0746AA66B62}.Release|Any CPU.ActiveCfg = Release|Any CPU
		{E908B943-0FA4-4FCA-B72E-C0746AA66B62}.Release|Any CPU.Build.0 = Release|Any CPU
		{F1F3488F-691C-4DE5-8B44-C254A7D059D7}.Debug|Any CPU.ActiveCfg = Debug|Any CPU
		{F1F3488F-691C-4DE5-8B44-C254A7D059D7}.Debug|Any CPU.Build.0 = Debug|Any CPU
		{F1F3488F-691C-4DE5-8B44-C254A7D059D7}.DefaultBuild|Any CPU.ActiveCfg = Release|Any CPU
		{F1F3488F-691C-4DE5-8B44-C254A7D059D7}.DefaultBuild|Any CPU.Build.0 = Release|Any CPU
		{F1F3488F-691C-4DE5-8B44-C254A7D059D7}.Release|Any CPU.ActiveCfg = Release|Any CPU
		{F1F3488F-691C-4DE5-8B44-C254A7D059D7}.Release|Any CPU.Build.0 = Release|Any CPU
		{9920B72D-3C61-41B9-A386-01F9B250BAF4}.Debug|Any CPU.ActiveCfg = Debug|Any CPU
		{9920B72D-3C61-41B9-A386-01F9B250BAF4}.Debug|Any CPU.Build.0 = Debug|Any CPU
		{9920B72D-3C61-41B9-A386-01F9B250BAF4}.DefaultBuild|Any CPU.ActiveCfg = Release|Any CPU
		{9920B72D-3C61-41B9-A386-01F9B250BAF4}.DefaultBuild|Any CPU.Build.0 = Release|Any CPU
		{9920B72D-3C61-41B9-A386-01F9B250BAF4}.Release|Any CPU.ActiveCfg = Release|Any CPU
		{9920B72D-3C61-41B9-A386-01F9B250BAF4}.Release|Any CPU.Build.0 = Release|Any CPU
		{264E02B3-AD85-475C-A78B-131C13CD047F}.Debug|Any CPU.ActiveCfg = Debug|Any CPU
		{264E02B3-AD85-475C-A78B-131C13CD047F}.Debug|Any CPU.Build.0 = Debug|Any CPU
		{264E02B3-AD85-475C-A78B-131C13CD047F}.DefaultBuild|Any CPU.ActiveCfg = Release|Any CPU
		{264E02B3-AD85-475C-A78B-131C13CD047F}.DefaultBuild|Any CPU.Build.0 = Release|Any CPU
		{264E02B3-AD85-475C-A78B-131C13CD047F}.Release|Any CPU.ActiveCfg = Release|Any CPU
		{264E02B3-AD85-475C-A78B-131C13CD047F}.Release|Any CPU.Build.0 = Release|Any CPU
	EndGlobalSection
	GlobalSection(SolutionProperties) = preSolution
		HideSolutionNode = FALSE
	EndGlobalSection
	GlobalSection(NestedProjects) = preSolution
		{7A200A3D-9CC6-45F7-A9E3-055EE223DA82} = {DC921E85-F1C3-4C7F-A900-D8B574E57F77}
		{CE71DDF7-DA62-4608-98FE-F194C4E2410E} = {DC921E85-F1C3-4C7F-A900-D8B574E57F77}
		{18AADD4A-0449-4ECA-BAA7-E4B8C5AD0A80} = {DC921E85-F1C3-4C7F-A900-D8B574E57F77}
		{CD8391E8-1D38-4D54-9A85-BE531CE17304} = {02EA681E-C7D8-13C7-8484-4AC65E1B71E8}
		{582B9EA5-9A96-489E-9329-D41846A3F584} = {DC921E85-F1C3-4C7F-A900-D8B574E57F77}
		{9F149866-AEB9-4973-B51A-280ED715F671} = {DC921E85-F1C3-4C7F-A900-D8B574E57F77}
		{AE6C12E6-6CE1-4A98-AFF2-E1FDFDF2A936} = {DC921E85-F1C3-4C7F-A900-D8B574E57F77}
		{36EE06BA-BA26-48FB-87E4-FF1BD83955F4} = {86D3060C-1E65-4BAB-AE61-A28CB996D73A}
		{F1F3488F-691C-4DE5-8B44-C254A7D059D7} = {02EA681E-C7D8-13C7-8484-4AC65E1B71E8}
		{9920B72D-3C61-41B9-A386-01F9B250BAF4} = {02EA681E-C7D8-13C7-8484-4AC65E1B71E8}
		{264E02B3-AD85-475C-A78B-131C13CD047F} = {DC921E85-F1C3-4C7F-A900-D8B574E57F77}
	EndGlobalSection
	GlobalSection(ExtensibilityGlobals) = postSolution
		SolutionGuid = {9A9D0812-4B35-41B4-B408-452EC26907E4}
	EndGlobalSection
EndGlobal
