
Microsoft Visual Studio Solution File, Format Version 12.00
# Visual Studio Version 17
VisualStudioVersion = 17.13.35828.75
MinimumVisualStudioVersion = 10.0.40219.1
Project("{FAE04EC0-301F-11D3-BF4B-00C04F79EFBC}") = "Importer.Service", "Importer.Service\Importer.Service.csproj", "{0EE0DDBE-F767-4ADE-8429-5588C048F330}"
EndProject
Project("{FAE04EC0-301F-11D3-BF4B-00C04F79EFBC}") = "Importer.Common", "Importer.Common\Importer.Common.csproj", "{61D8720A-C6AC-46AB-9366-92AFE3E2880E}"
EndProject
Project("{2150E333-8FDC-42A3-9474-1A3956D46DE8}") = "Customer.Processes", "Customer.Processes", "{02EA681E-C7D8-13C7-8484-4AC65E1B71E8}"
EndProject
Project("{2150E333-8FDC-42A3-9474-1A3956D46DE8}") = "Importer.Modules", "Importer.Modules", "{DC921E85-F1C3-4C7F-A900-D8B574E57F77}"
EndProject
Global
	GlobalSection(SolutionConfigurationPlatforms) = preSolution
		Debug|Any CPU = Debug|Any CPU
		Release|Any CPU = Release|Any CPU
	EndGlobalSection
	GlobalSection(ProjectConfigurationPlatforms) = postSolution
		{0EE0DDBE-F767-4ADE-8429-5588C048F330}.Debug|Any CPU.ActiveCfg = Debug|Any CPU
		{0EE0DDBE-F767-4ADE-8429-5588C048F330}.Debug|Any CPU.Build.0 = Debug|Any CPU
		{0EE0DDBE-F767-4ADE-8429-5588C048F330}.Release|Any CPU.ActiveCfg = Release|Any CPU
		{0EE0DDBE-F767-4ADE-8429-5588C048F330}.Release|Any CPU.Build.0 = Release|Any CPU
		{61D8720A-C6AC-46AB-9366-92AFE3E2880E}.Debug|Any CPU.ActiveCfg = Debug|Any CPU
		{61D8720A-C6AC-46AB-9366-92AFE3E2880E}.Debug|Any CPU.Build.0 = Debug|Any CPU
		{61D8720A-C6AC-46AB-9366-92AFE3E2880E}.Release|Any CPU.ActiveCfg = Release|Any CPU
		{61D8720A-C6AC-46AB-9366-92AFE3E2880E}.Release|Any CPU.Build.0 = Release|Any CPU
	EndGlobalSection
	GlobalSection(SolutionProperties) = preSolution
		HideSolutionNode = FALSE
	EndGlobalSection
	GlobalSection(ExtensibilityGlobals) = postSolution
		SolutionGuid = {9A9D0812-4B35-41B4-B408-452EC26907E4}
	EndGlobalSection
EndGlobal
